
Microsoft Visual Studio Solution File, Format Version 12.00
# Visual Studio 15
VisualStudioVersion = 15.0.27428.2015
MinimumVisualStudioVersion = 10.0.40219.1
Project("{FAE04EC0-301F-11D3-BF4B-00C04F79EFBC}") = "XNuvem.Framework", "XNuvem.Framework\XNuvem.Framework.csproj", "{8360C4B9-A8EF-437D-A962-F46EE8004B1C}"
EndProject
Project("{FAE04EC0-301F-11D3-BF4B-00C04F79EFBC}") = "XNuvem.Framework.Tests", "XNuvem.Framework.Tests\XNuvem.Framework.Tests.csproj", "{8EDF4429-251A-416D-BB68-93F227191BCF}"
EndProject
Project("{FAE04EC0-301F-11D3-BF4B-00C04F79EFBC}") = "XNuvem.Web", "XNuvem.Web\XNuvem.Web.csproj", "{B0443050-3179-47B7-BD39-3AEAA2563B5C}"
EndProject
Project("{2150E333-8FDC-42A3-9474-1A3956D46DE8}") = "Modules", "Modules", "{1630EC0B-BB5B-4E30-BDD2-33FEA3088E0F}"
EndProject
Project("{2150E333-8FDC-42A3-9474-1A3956D46DE8}") = "Solution Items", "Solution Items", "{43C8B97A-E874-4E27-B82F-31F08D585E12}"
EndProject
Project("{2150E333-8FDC-42A3-9474-1A3956D46DE8}") = "Docs", "Docs", "{81C95156-4011-4F41-97B2-51332DEA8F94}"
	ProjectSection(SolutionItems) = preProject
		requisições.txt = requisições.txt
		Docs\xnuvem-doc.txt = Docs\xnuvem-doc.txt
	EndProjectSection
EndProject
Project("{2150E333-8FDC-42A3-9474-1A3956D46DE8}") = "Core", "Core", "{1D6F1AB5-E7EE-4C3E-A30F-93943D42C7CB}"
EndProject
Project("{FAE04EC0-301F-11D3-BF4B-00C04F79EFBC}") = "XNuvem.Dominio", "XNuvem.Dominio\XNuvem.Dominio.csproj", "{BF83379D-4723-40AF-8165-62ABEFD7932E}"
EndProject
Project("{2150E333-8FDC-42A3-9474-1A3956D46DE8}") = ".nuget", ".nuget", "{D2FD2733-4BE1-49AF-90DA-DD37EB4F9D95}"
	ProjectSection(SolutionItems) = preProject
		.nuget\NuGet.Config = .nuget\NuGet.Config
		.nuget\NuGet.exe = .nuget\NuGet.exe
		.nuget\NuGet.targets = .nuget\NuGet.targets
	EndProjectSection
EndProject
Project("{FAE04EC0-301F-11D3-BF4B-00C04F79EFBC}") = "ReportViewBase", "ReportViewBase\ReportViewBase.csproj", "{3F07415B-499B-41BE-A420-DD7EA3DAAEEB}"
EndProject
Project("{FAE04EC0-301F-11D3-BF4B-00C04F79EFBC}") = "XNuvem.Recepcao", "XNuvem.Web\Modules\XNuvem.Recepcao\XNuvem.Recepcao.csproj", "{314795C8-B955-4254-BED6-EDA713DA0EF8}"
EndProject
Project("{FAE04EC0-301F-11D3-BF4B-00C04F79EFBC}") = "XNuvem.Clinico", "XNuvem.Web\Modules\XNuvem.Clinico\XNuvem.Clinico.csproj", "{4E184353-FA7B-4684-AF23-3129C26D80D7}"
EndProject
Project("{FAE04EC0-301F-11D3-BF4B-00C04F79EFBC}") = "XNuvem.Portal", "XNuvem.Web\Modules\XNuvem.Portal\XNuvem.Portal.csproj", "{C96B7C09-AB3C-4927-AB1C-73FC498D1338}"
EndProject
Global
	GlobalSection(SolutionConfigurationPlatforms) = preSolution
		Debug|Any CPU = Debug|Any CPU
		Release|Any CPU = Release|Any CPU
	EndGlobalSection
	GlobalSection(ProjectConfigurationPlatforms) = postSolution
		{8360C4B9-A8EF-437D-A962-F46EE8004B1C}.Debug|Any CPU.ActiveCfg = Debug|Any CPU
		{8360C4B9-A8EF-437D-A962-F46EE8004B1C}.Debug|Any CPU.Build.0 = Debug|Any CPU
		{8360C4B9-A8EF-437D-A962-F46EE8004B1C}.Release|Any CPU.ActiveCfg = Release|Any CPU
		{8360C4B9-A8EF-437D-A962-F46EE8004B1C}.Release|Any CPU.Build.0 = Release|Any CPU
		{8EDF4429-251A-416D-BB68-93F227191BCF}.Debug|Any CPU.ActiveCfg = Debug|Any CPU
		{8EDF4429-251A-416D-BB68-93F227191BCF}.Debug|Any CPU.Build.0 = Debug|Any CPU
		{8EDF4429-251A-416D-BB68-93F227191BCF}.Release|Any CPU.ActiveCfg = Release|Any CPU
		{8EDF4429-251A-416D-BB68-93F227191BCF}.Release|Any CPU.Build.0 = Release|Any CPU
		{B0443050-3179-47B7-BD39-3AEAA2563B5C}.Debug|Any CPU.ActiveCfg = Debug|Any CPU
		{B0443050-3179-47B7-BD39-3AEAA2563B5C}.Debug|Any CPU.Build.0 = Debug|Any CPU
		{B0443050-3179-47B7-BD39-3AEAA2563B5C}.Release|Any CPU.ActiveCfg = Release|Any CPU
		{B0443050-3179-47B7-BD39-3AEAA2563B5C}.Release|Any CPU.Build.0 = Release|Any CPU
		{BF83379D-4723-40AF-8165-62ABEFD7932E}.Debug|Any CPU.ActiveCfg = Debug|Any CPU
		{BF83379D-4723-40AF-8165-62ABEFD7932E}.Debug|Any CPU.Build.0 = Debug|Any CPU
		{BF83379D-4723-40AF-8165-62ABEFD7932E}.Release|Any CPU.ActiveCfg = Release|Any CPU
		{BF83379D-4723-40AF-8165-62ABEFD7932E}.Release|Any CPU.Build.0 = Release|Any CPU
		{3F07415B-499B-41BE-A420-DD7EA3DAAEEB}.Debug|Any CPU.ActiveCfg = Debug|Any CPU
		{3F07415B-499B-41BE-A420-DD7EA3DAAEEB}.Debug|Any CPU.Build.0 = Debug|Any CPU
		{3F07415B-499B-41BE-A420-DD7EA3DAAEEB}.Release|Any CPU.ActiveCfg = Release|Any CPU
		{3F07415B-499B-41BE-A420-DD7EA3DAAEEB}.Release|Any CPU.Build.0 = Release|Any CPU
		{314795C8-B955-4254-BED6-EDA713DA0EF8}.Debug|Any CPU.ActiveCfg = Debug|Any CPU
		{314795C8-B955-4254-BED6-EDA713DA0EF8}.Debug|Any CPU.Build.0 = Debug|Any CPU
		{314795C8-B955-4254-BED6-EDA713DA0EF8}.Release|Any CPU.ActiveCfg = Release|Any CPU
		{314795C8-B955-4254-BED6-EDA713DA0EF8}.Release|Any CPU.Build.0 = Release|Any CPU
		{4E184353-FA7B-4684-AF23-3129C26D80D7}.Debug|Any CPU.ActiveCfg = Debug|Any CPU
		{4E184353-FA7B-4684-AF23-3129C26D80D7}.Debug|Any CPU.Build.0 = Debug|Any CPU
		{4E184353-FA7B-4684-AF23-3129C26D80D7}.Release|Any CPU.ActiveCfg = Release|Any CPU
		{4E184353-FA7B-4684-AF23-3129C26D80D7}.Release|Any CPU.Build.0 = Release|Any CPU
		{C96B7C09-AB3C-4927-AB1C-73FC498D1338}.Debug|Any CPU.ActiveCfg = Debug|Any CPU
		{C96B7C09-AB3C-4927-AB1C-73FC498D1338}.Debug|Any CPU.Build.0 = Debug|Any CPU
		{C96B7C09-AB3C-4927-AB1C-73FC498D1338}.Release|Any CPU.ActiveCfg = Release|Any CPU
		{C96B7C09-AB3C-4927-AB1C-73FC498D1338}.Release|Any CPU.Build.0 = Release|Any CPU
	EndGlobalSection
	GlobalSection(SolutionProperties) = preSolution
		HideSolutionNode = FALSE
	EndGlobalSection
	GlobalSection(NestedProjects) = preSolution
		{BF83379D-4723-40AF-8165-62ABEFD7932E} = {1D6F1AB5-E7EE-4C3E-A30F-93943D42C7CB}
		{3F07415B-499B-41BE-A420-DD7EA3DAAEEB} = {1D6F1AB5-E7EE-4C3E-A30F-93943D42C7CB}
		{314795C8-B955-4254-BED6-EDA713DA0EF8} = {1630EC0B-BB5B-4E30-BDD2-33FEA3088E0F}
		{4E184353-FA7B-4684-AF23-3129C26D80D7} = {1630EC0B-BB5B-4E30-BDD2-33FEA3088E0F}
		{C96B7C09-AB3C-4927-AB1C-73FC498D1338} = {1630EC0B-BB5B-4E30-BDD2-33FEA3088E0F}
	EndGlobalSection
	GlobalSection(ExtensibilityGlobals) = postSolution
		SolutionGuid = {75DA920B-9F44-4B8E-A583-A802B38ED488}
	EndGlobalSection
EndGlobal
